<?xml version="1.0" encoding="utf-8"?>
<Project ToolsVersion="4.0" xmlns="http://schemas.microsoft.com/developer/msbuild/2003">
  <ItemGroup>
    <Filter Include="Исходные файлы">
      <UniqueIdentifier>{4FC737F1-C7A5-4376-A066-2A32D752A2FF}</UniqueIdentifier>
      <Extensions>cpp;c;cc;cxx;c++;cppm;ixx;def;odl;idl;hpj;bat;asm;asmx</Extensions>
    </Filter>
    <Filter Include="Файлы заголовков">
      <UniqueIdentifier>{93995380-89BD-4b04-88EB-625FBE52EBFB}</UniqueIdentifier>
      <Extensions>h;hh;hpp;hxx;h++;hm;inl;inc;ipp;xsd</Extensions>
    </Filter>
    <Filter Include="Файлы ресурсов">
      <UniqueIdentifier>{67DA6AB6-F800-4c08-8B7A-83BB121AAD01}</UniqueIdentifier>
      <Extensions>rc;ico;cur;bmp;dlg;rc2;rct;bin;rgs;gif;jpg;jpeg;jpe;resx;tiff;tif;png;wav;mfcribbon-ms</Extensions>
    </Filter>
    <Filter Include="Файлы заголовков\Sequence">
      <UniqueIdentifier>{3396ecf7-0aa3-4afe-be13-0543a9a53dad}</UniqueIdentifier>
    </Filter>
    <Filter Include="Файлы заголовков\UniquePtr">
      <UniqueIdentifier>{6da32630-3f2c-4e21-be79-9de9b120d149}</UniqueIdentifier>
    </Filter>
    <Filter Include="Файлы заголовков\Renderer">
      <UniqueIdentifier>{081a681d-cb77-4a7a-b3d2-88ccf8444908}</UniqueIdentifier>
    </Filter>
    <Filter Include="Файлы заголовков\Dictionary">
      <UniqueIdentifier>{0e7ee120-f351-4f21-b685-073cf7011c12}</UniqueIdentifier>
    </Filter>
    <Filter Include="Файлы заголовков\Tests">
      <UniqueIdentifier>{52d44422-cd50-4960-8449-d86f6a96cd5a}</UniqueIdentifier>
    </Filter>
  </ItemGroup>
  <ItemGroup>
    <ClCompile Include="Main.cpp">
      <Filter>Исходные файлы</Filter>
    </ClCompile>
    <ClCompile Include="FileWorker.cpp">
      <Filter>Исходные файлы</Filter>
    </ClCompile>
    <ClCompile Include="UserMenu.cpp">
      <Filter>Исходные файлы</Filter>
    </ClCompile>
    <ClCompile Include="BackPack.cpp">
      <Filter>Исходные файлы</Filter>
    </ClCompile>
    <ClCompile Include="AlphabetIndex.cpp">
      <Filter>Исходные файлы</Filter>
    </ClCompile>
    <ClCompile Include="Tests.cpp">
      <Filter>Исходные файлы</Filter>
    </ClCompile>
  </ItemGroup>
  <ItemGroup>
    <ClInclude Include="Item.h">
      <Filter>Файлы заголовков</Filter>
    </ClInclude>
    <ClInclude Include="State.h">
      <Filter>Файлы заголовков</Filter>
    </ClInclude>
    <ClInclude Include="Sequence.h">
      <Filter>Файлы заголовков\Sequence</Filter>
    </ClInclude>
    <ClInclude Include="DynamicArray.h">
      <Filter>Файлы заголовков\Sequence</Filter>
    </ClInclude>
    <ClInclude Include="HashTable.h">
      <Filter>Файлы заголовков\Dictionary</Filter>
    </ClInclude>
    <ClInclude Include="IDictionary.h">
      <Filter>Файлы заголовков\Dictionary</Filter>
    </ClInclude>
    <ClInclude Include="UniquePtr.h">
      <Filter>Файлы заголовков\UniquePtr</Filter>
    </ClInclude>
    <ClInclude Include="ContainerForUniquePtr.h">
      <Filter>Файлы заголовков\UniquePtr</Filter>
    </ClInclude>
    <ClInclude Include="Commands.h">
      <Filter>Файлы заголовков\Renderer</Filter>
    </ClInclude>
    <ClInclude Include="FileWorker.h">
      <Filter>Файлы заголовков\Renderer</Filter>
    </ClInclude>
    <ClInclude Include="UserMenu.h">
      <Filter>Файлы заголовков\Renderer</Filter>
    </ClInclude>
    <ClInclude Include="Printer.h">
      <Filter>Файлы заголовков\Renderer</Filter>
    </ClInclude>
    <ClInclude Include="Input.h">
      <Filter>Файлы заголовков\Renderer</Filter>
    </ClInclude>
    <ClInclude Include="Backpack.h">
      <Filter>Файлы заголовков</Filter>
    </ClInclude>
    <ClInclude Include="SparseVector.h">
      <Filter>Файлы заголовков\Dictionary</Filter>
    </ClInclude>
    <ClInclude Include="AlphabetIndex.h">
      <Filter>Файлы заголовков</Filter>
    </ClInclude>
    <ClInclude Include="Tests.h">
      <Filter>Файлы заголовков</Filter>
    </ClInclude>
  </ItemGroup>
</Project>